Microsoft Visual Studio Solution File, Format Version 12.00
# Visual Studio Version 17
VisualStudioVersion = 17.11.35327.3
MinimumVisualStudioVersion = 16.0.0.0
Project("{9A19103F-16F7-4668-BE54-9A1E7A4F7556}") = "YGate.Server", "Server\YGate.Server.csproj", "{D73BBD12-B91C-4305-B771-9F2CFEE67E4B}"
EndProject
Project("{9A19103F-16F7-4668-BE54-9A1E7A4F7556}") = "YGate.Shared", "Shared\YGate.Shared.csproj", "{C01AA3A0-1D6E-400F-B192-920232D11F54}"
EndProject
Project("{2150E333-8FDC-42A3-9474-1A3956D46DE8}") = "1-DomainLayer", "1-DomainLayer", "{35C8C3ED-498C-413A-81BE-0C823D40175F}"
EndProject
Project("{2150E333-8FDC-42A3-9474-1A3956D46DE8}") = "2-DataLayer", "2-DataLayer", "{514029FF-5ADC-4C20-853C-916E8849D223}"
EndProject
Project("{2150E333-8FDC-42A3-9474-1A3956D46DE8}") = "3-OperationLayer", "3-OperationLayer", "{C2FF0057-C751-4302-B47B-61357183F3B6}"
EndProject
Project("{9A19103F-16F7-4668-BE54-9A1E7A4F7556}") = "YGate.Entities", "1-DomainLayer\YGate.Entities\YGate.Entities.csproj", "{66FA392E-E20F-40B7-8F7D-8531D76B6766}"
EndProject
Project("{9A19103F-16F7-4668-BE54-9A1E7A4F7556}") = "YGate.Interfaces", "1-DomainLayer\YGate.Interfaces\YGate.Interfaces.csproj", "{987C3CBD-A2DC-40AA-A356-14F83EC4A290}"
EndProject
Project("{9A19103F-16F7-4668-BE54-9A1E7A4F7556}") = "YGate.DataAccess.Postgresql.EFCore", "2-DataLayer\YGate.DataAccess.EFCore\YGate.DataAccess.Postgresql.EFCore.csproj", "{EC867EB9-755A-4F5B-BD1B-9BD277987EFE}"
EndProject
Project("{9A19103F-16F7-4668-BE54-9A1E7A4F7556}") = "YGate.DataAccess.Entities", "2-DataLayer\YGate.DataAccess.Entities\YGate.DataAccess.Entities.csproj", "{B6FF5819-9D2E-4EAB-AA50-23862620D13F}"
EndProject
Project("{9A19103F-16F7-4668-BE54-9A1E7A4F7556}") = "YGate.DataAccess.Mssql.EFCore", "2-DataLayer\YGate.DataAccess.Mssql.EFCore\YGate.DataAccess.Mssql.EFCore.csproj", "{9E5C3759-F659-4076-8D6B-CD17169A27B3}"
EndProject
Project("{9A19103F-16F7-4668-BE54-9A1E7A4F7556}") = "YGate.DataAccess.Mysql.EFCore", "2-DataLayer\YGate.DataAccess.Mysql.EFCore\YGate.DataAccess.Mysql.EFCore.csproj", "{2B409A90-7545-44CD-8EFF-D3B42ACF388D}"
EndProject
Project("{9A19103F-16F7-4668-BE54-9A1E7A4F7556}") = "YGate.DataAccess.Sqllite.EFCore", "2-DataLayer\YGate.DataAccess.Sqllite.EFCore\YGate.DataAccess.Sqllite.EFCore.csproj", "{F18E9D18-E184-4DE3-A506-3518AF4EEFB7}"
EndProject
Project("{9A19103F-16F7-4668-BE54-9A1E7A4F7556}") = "YGate.BusinessLayer.EFCore", "3-OperationLayer\YGate.BusinessLayer.EFCore\YGate.BusinessLayer.EFCore.csproj", "{D5587338-291B-46EB-9D22-1D2C2AD7C835}"
EndProject
Project("{9A19103F-16F7-4668-BE54-9A1E7A4F7556}") = "YGate.IO.Operations", "3-OperationLayer\YGate.IO.Operations\YGate.IO.Operations.csproj", "{F755C664-434A-41E2-9262-0D7663883D49}"
EndProject
Project("{9A19103F-16F7-4668-BE54-9A1E7A4F7556}") = "YGate.Json.Operations", "3-OperationLayer\YGate.Json.Operations\YGate.Json.Operations.csproj", "{95B39128-C3E5-4DE9-A3CC-4DB210FB7885}"
EndProject
Project("{9A19103F-16F7-4668-BE54-9A1E7A4F7556}") = "YGate.Operation.Runner", "3-OperationLayer\YGate.Operation.Runner\YGate.Operation.Runner.csproj", "{6472199D-64CF-4CC5-83A4-83C77872B7A8}"
EndProject
Project("{9A19103F-16F7-4668-BE54-9A1E7A4F7556}") = "YGate.String.Operations", "3-OperationLayer\YGate.String.Operations\YGate.String.Operations.csproj", "{81D0A264-8A8F-4B2B-BD67-5DD90AF3EBBB}"
EndProject
Project("{9A19103F-16F7-4668-BE54-9A1E7A4F7556}") = "YGate.Mail.Operations", "3-OperationLayer\YGate.Mail.Operations\YGate.Mail.Operations.csproj", "{43889B22-17A6-4A24-91F1-921A5A58411F}"
EndProject
Project("{9A19103F-16F7-4668-BE54-9A1E7A4F7556}") = "YGate.Mapping", "3-OperationLayer\YGate.Mapping\YGate.Mapping.csproj", "{B788868D-4C00-413D-B663-7CEEBBD4CD3E}"
EndProject
Project("{9A19103F-16F7-4668-BE54-9A1E7A4F7556}") = "YGate.Client", "Client\YGate.Client.csproj", "{95137D9D-3B8C-4C5C-9CA4-ECBC561A3D9F}"
EndProject
Project("{9A19103F-16F7-4668-BE54-9A1E7A4F7556}") = "YGate.Html.Operations", "3-OperationLayer\YGate.Html.Operations\YGate.Html.Operations.csproj", "{4AF5BA61-5D2C-4A4F-BB63-D991F1F040FB}"
EndProject
Global
	GlobalSection(SolutionConfigurationPlatforms) = preSolution
		Debug|Any CPU = Debug|Any CPU
		Debug|x64 = Debug|x64
		Debug|x86 = Debug|x86
		Release|Any CPU = Release|Any CPU
		Release|x64 = Release|x64
		Release|x86 = Release|x86
	EndGlobalSection
	GlobalSection(ProjectConfigurationPlatforms) = postSolution
		{D73BBD12-B91C-4305-B771-9F2CFEE67E4B}.Debug|Any CPU.ActiveCfg = Debug|Any CPU
		{D73BBD12-B91C-4305-B771-9F2CFEE67E4B}.Debug|Any CPU.Build.0 = Debug|Any CPU
		{D73BBD12-B91C-4305-B771-9F2CFEE67E4B}.Debug|x64.ActiveCfg = Debug|Any CPU
		{D73BBD12-B91C-4305-B771-9F2CFEE67E4B}.Debug|x64.Build.0 = Debug|Any CPU
		{D73BBD12-B91C-4305-B771-9F2CFEE67E4B}.Debug|x86.ActiveCfg = Debug|Any CPU
		{D73BBD12-B91C-4305-B771-9F2CFEE67E4B}.Debug|x86.Build.0 = Debug|Any CPU
		{D73BBD12-B91C-4305-B771-9F2CFEE67E4B}.Release|Any CPU.ActiveCfg = Release|Any CPU
		{D73BBD12-B91C-4305-B771-9F2CFEE67E4B}.Release|Any CPU.Build.0 = Release|Any CPU
		{D73BBD12-B91C-4305-B771-9F2CFEE67E4B}.Release|x64.ActiveCfg = Release|Any CPU
		{D73BBD12-B91C-4305-B771-9F2CFEE67E4B}.Release|x64.Build.0 = Release|Any CPU
		{D73BBD12-B91C-4305-B771-9F2CFEE67E4B}.Release|x86.ActiveCfg = Release|Any CPU
		{D73BBD12-B91C-4305-B771-9F2CFEE67E4B}.Release|x86.Build.0 = Release|Any CPU
		{C01AA3A0-1D6E-400F-B192-920232D11F54}.Debug|Any CPU.ActiveCfg = Debug|Any CPU
		{C01AA3A0-1D6E-400F-B192-920232D11F54}.Debug|Any CPU.Build.0 = Debug|Any CPU
		{C01AA3A0-1D6E-400F-B192-920232D11F54}.Debug|x64.ActiveCfg = Debug|Any CPU
		{C01AA3A0-1D6E-400F-B192-920232D11F54}.Debug|x64.Build.0 = Debug|Any CPU
		{C01AA3A0-1D6E-400F-B192-920232D11F54}.Debug|x86.ActiveCfg = Debug|Any CPU
		{C01AA3A0-1D6E-400F-B192-920232D11F54}.Debug|x86.Build.0 = Debug|Any CPU
		{C01AA3A0-1D6E-400F-B192-920232D11F54}.Release|Any CPU.ActiveCfg = Release|Any CPU
		{C01AA3A0-1D6E-400F-B192-920232D11F54}.Release|Any CPU.Build.0 = Release|Any CPU
		{C01AA3A0-1D6E-400F-B192-920232D11F54}.Release|x64.ActiveCfg = Release|Any CPU
		{C01AA3A0-1D6E-400F-B192-920232D11F54}.Release|x64.Build.0 = Release|Any CPU
		{C01AA3A0-1D6E-400F-B192-920232D11F54}.Release|x86.ActiveCfg = Release|Any CPU
		{C01AA3A0-1D6E-400F-B192-920232D11F54}.Release|x86.Build.0 = Release|Any CPU
		{66FA392E-E20F-40B7-8F7D-8531D76B6766}.Debug|Any CPU.ActiveCfg = Debug|Any CPU
		{66FA392E-E20F-40B7-8F7D-8531D76B6766}.Debug|Any CPU.Build.0 = Debug|Any CPU
		{66FA392E-E20F-40B7-8F7D-8531D76B6766}.Debug|x64.ActiveCfg = Debug|Any CPU
		{66FA392E-E20F-40B7-8F7D-8531D76B6766}.Debug|x64.Build.0 = Debug|Any CPU
		{66FA392E-E20F-40B7-8F7D-8531D76B6766}.Debug|x86.ActiveCfg = Debug|Any CPU
		{66FA392E-E20F-40B7-8F7D-8531D76B6766}.Debug|x86.Build.0 = Debug|Any CPU
		{66FA392E-E20F-40B7-8F7D-8531D76B6766}.Release|Any CPU.ActiveCfg = Release|Any CPU
		{66FA392E-E20F-40B7-8F7D-8531D76B6766}.Release|Any CPU.Build.0 = Release|Any CPU
		{66FA392E-E20F-40B7-8F7D-8531D76B6766}.Release|x64.ActiveCfg = Release|Any CPU
		{66FA392E-E20F-40B7-8F7D-8531D76B6766}.Release|x64.Build.0 = Release|Any CPU
		{66FA392E-E20F-40B7-8F7D-8531D76B6766}.Release|x86.ActiveCfg = Release|Any CPU
		{66FA392E-E20F-40B7-8F7D-8531D76B6766}.Release|x86.Build.0 = Release|Any CPU
		{987C3CBD-A2DC-40AA-A356-14F83EC4A290}.Debug|Any CPU.ActiveCfg = Debug|Any CPU
		{987C3CBD-A2DC-40AA-A356-14F83EC4A290}.Debug|Any CPU.Build.0 = Debug|Any CPU
		{987C3CBD-A2DC-40AA-A356-14F83EC4A290}.Debug|x64.ActiveCfg = Debug|Any CPU
		{987C3CBD-A2DC-40AA-A356-14F83EC4A290}.Debug|x64.Build.0 = Debug|Any CPU
		{987C3CBD-A2DC-40AA-A356-14F83EC4A290}.Debug|x86.ActiveCfg = Debug|Any CPU
		{987C3CBD-A2DC-40AA-A356-14F83EC4A290}.Debug|x86.Build.0 = Debug|Any CPU
		{987C3CBD-A2DC-40AA-A356-14F83EC4A290}.Release|Any CPU.ActiveCfg = Release|Any CPU
		{987C3CBD-A2DC-40AA-A356-14F83EC4A290}.Release|Any CPU.Build.0 = Release|Any CPU
		{987C3CBD-A2DC-40AA-A356-14F83EC4A290}.Release|x64.ActiveCfg = Release|Any CPU
		{987C3CBD-A2DC-40AA-A356-14F83EC4A290}.Release|x64.Build.0 = Release|Any CPU
		{987C3CBD-A2DC-40AA-A356-14F83EC4A290}.Release|x86.ActiveCfg = Release|Any CPU
		{987C3CBD-A2DC-40AA-A356-14F83EC4A290}.Release|x86.Build.0 = Release|Any CPU
		{EC867EB9-755A-4F5B-BD1B-9BD277987EFE}.Debug|Any CPU.ActiveCfg = Debug|Any CPU
		{EC867EB9-755A-4F5B-BD1B-9BD277987EFE}.Debug|Any CPU.Build.0 = Debug|Any CPU
		{EC867EB9-755A-4F5B-BD1B-9BD277987EFE}.Debug|x64.ActiveCfg = Debug|Any CPU
		{EC867EB9-755A-4F5B-BD1B-9BD277987EFE}.Debug|x64.Build.0 = Debug|Any CPU
		{EC867EB9-755A-4F5B-BD1B-9BD277987EFE}.Debug|x86.ActiveCfg = Debug|Any CPU
		{EC867EB9-755A-4F5B-BD1B-9BD277987EFE}.Debug|x86.Build.0 = Debug|Any CPU
		{EC867EB9-755A-4F5B-BD1B-9BD277987EFE}.Release|Any CPU.ActiveCfg = Release|Any CPU
		{EC867EB9-755A-4F5B-BD1B-9BD277987EFE}.Release|Any CPU.Build.0 = Release|Any CPU
		{EC867EB9-755A-4F5B-BD1B-9BD277987EFE}.Release|x64.ActiveCfg = Release|Any CPU
		{EC867EB9-755A-4F5B-BD1B-9BD277987EFE}.Release|x64.Build.0 = Release|Any CPU
		{EC867EB9-755A-4F5B-BD1B-9BD277987EFE}.Release|x86.ActiveCfg = Release|Any CPU
		{EC867EB9-755A-4F5B-BD1B-9BD277987EFE}.Release|x86.Build.0 = Release|Any CPU
		{B6FF5819-9D2E-4EAB-AA50-23862620D13F}.Debug|Any CPU.ActiveCfg = Debug|Any CPU
		{B6FF5819-9D2E-4EAB-AA50-23862620D13F}.Debug|Any CPU.Build.0 = Debug|Any CPU
		{B6FF5819-9D2E-4EAB-AA50-23862620D13F}.Debug|x64.ActiveCfg = Debug|Any CPU
		{B6FF5819-9D2E-4EAB-AA50-23862620D13F}.Debug|x64.Build.0 = Debug|Any CPU
		{B6FF5819-9D2E-4EAB-AA50-23862620D13F}.Debug|x86.ActiveCfg = Debug|Any CPU
		{B6FF5819-9D2E-4EAB-AA50-23862620D13F}.Debug|x86.Build.0 = Debug|Any CPU
		{B6FF5819-9D2E-4EAB-AA50-23862620D13F}.Release|Any CPU.ActiveCfg = Release|Any CPU
		{B6FF5819-9D2E-4EAB-AA50-23862620D13F}.Release|Any CPU.Build.0 = Release|Any CPU
		{B6FF5819-9D2E-4EAB-AA50-23862620D13F}.Release|x64.ActiveCfg = Release|Any CPU
		{B6FF5819-9D2E-4EAB-AA50-23862620D13F}.Release|x64.Build.0 = Release|Any CPU
		{B6FF5819-9D2E-4EAB-AA50-23862620D13F}.Release|x86.ActiveCfg = Release|Any CPU
		{B6FF5819-9D2E-4EAB-AA50-23862620D13F}.Release|x86.Build.0 = Release|Any CPU
		{9E5C3759-F659-4076-8D6B-CD17169A27B3}.Debug|Any CPU.ActiveCfg = Debug|Any CPU
		{9E5C3759-F659-4076-8D6B-CD17169A27B3}.Debug|Any CPU.Build.0 = Debug|Any CPU
		{9E5C3759-F659-4076-8D6B-CD17169A27B3}.Debug|x64.ActiveCfg = Debug|Any CPU
		{9E5C3759-F659-4076-8D6B-CD17169A27B3}.Debug|x64.Build.0 = Debug|Any CPU
		{9E5C3759-F659-4076-8D6B-CD17169A27B3}.Debug|x86.ActiveCfg = Debug|Any CPU
		{9E5C3759-F659-4076-8D6B-CD17169A27B3}.Debug|x86.Build.0 = Debug|Any CPU
		{9E5C3759-F659-4076-8D6B-CD17169A27B3}.Release|Any CPU.ActiveCfg = Release|Any CPU
		{9E5C3759-F659-4076-8D6B-CD17169A27B3}.Release|Any CPU.Build.0 = Release|Any CPU
		{9E5C3759-F659-4076-8D6B-CD17169A27B3}.Release|x64.ActiveCfg = Release|Any CPU
		{9E5C3759-F659-4076-8D6B-CD17169A27B3}.Release|x64.Build.0 = Release|Any CPU
		{9E5C3759-F659-4076-8D6B-CD17169A27B3}.Release|x86.ActiveCfg = Release|Any CPU
		{9E5C3759-F659-4076-8D6B-CD17169A27B3}.Release|x86.Build.0 = Release|Any CPU
		{2B409A90-7545-44CD-8EFF-D3B42ACF388D}.Debug|Any CPU.ActiveCfg = Debug|Any CPU
		{2B409A90-7545-44CD-8EFF-D3B42ACF388D}.Debug|Any CPU.Build.0 = Debug|Any CPU
		{2B409A90-7545-44CD-8EFF-D3B42ACF388D}.Debug|x64.ActiveCfg = Debug|Any CPU
		{2B409A90-7545-44CD-8EFF-D3B42ACF388D}.Debug|x64.Build.0 = Debug|Any CPU
		{2B409A90-7545-44CD-8EFF-D3B42ACF388D}.Debug|x86.ActiveCfg = Debug|Any CPU
		{2B409A90-7545-44CD-8EFF-D3B42ACF388D}.Debug|x86.Build.0 = Debug|Any CPU
		{2B409A90-7545-44CD-8EFF-D3B42ACF388D}.Release|Any CPU.ActiveCfg = Release|Any CPU
		{2B409A90-7545-44CD-8EFF-D3B42ACF388D}.Release|Any CPU.Build.0 = Release|Any CPU
		{2B409A90-7545-44CD-8EFF-D3B42ACF388D}.Release|x64.ActiveCfg = Release|Any CPU
		{2B409A90-7545-44CD-8EFF-D3B42ACF388D}.Release|x64.Build.0 = Release|Any CPU
		{2B409A90-7545-44CD-8EFF-D3B42ACF388D}.Release|x86.ActiveCfg = Release|Any CPU
		{2B409A90-7545-44CD-8EFF-D3B42ACF388D}.Release|x86.Build.0 = Release|Any CPU
		{F18E9D18-E184-4DE3-A506-3518AF4EEFB7}.Debug|Any CPU.ActiveCfg = Debug|Any CPU
		{F18E9D18-E184-4DE3-A506-3518AF4EEFB7}.Debug|Any CPU.Build.0 = Debug|Any CPU
		{F18E9D18-E184-4DE3-A506-3518AF4EEFB7}.Debug|x64.ActiveCfg = Debug|Any CPU
		{F18E9D18-E184-4DE3-A506-3518AF4EEFB7}.Debug|x64.Build.0 = Debug|Any CPU
		{F18E9D18-E184-4DE3-A506-3518AF4EEFB7}.Debug|x86.ActiveCfg = Debug|Any CPU
		{F18E9D18-E184-4DE3-A506-3518AF4EEFB7}.Debug|x86.Build.0 = Debug|Any CPU
		{F18E9D18-E184-4DE3-A506-3518AF4EEFB7}.Release|Any CPU.ActiveCfg = Release|Any CPU
		{F18E9D18-E184-4DE3-A506-3518AF4EEFB7}.Release|Any CPU.Build.0 = Release|Any CPU
		{F18E9D18-E184-4DE3-A506-3518AF4EEFB7}.Release|x64.ActiveCfg = Release|Any CPU
		{F18E9D18-E184-4DE3-A506-3518AF4EEFB7}.Release|x64.Build.0 = Release|Any CPU
		{F18E9D18-E184-4DE3-A506-3518AF4EEFB7}.Release|x86.ActiveCfg = Release|Any CPU
		{F18E9D18-E184-4DE3-A506-3518AF4EEFB7}.Release|x86.Build.0 = Release|Any CPU
		{D5587338-291B-46EB-9D22-1D2C2AD7C835}.Debug|Any CPU.ActiveCfg = Debug|Any CPU
		{D5587338-291B-46EB-9D22-1D2C2AD7C835}.Debug|Any CPU.Build.0 = Debug|Any CPU
		{D5587338-291B-46EB-9D22-1D2C2AD7C835}.Debug|x64.ActiveCfg = Debug|Any CPU
		{D5587338-291B-46EB-9D22-1D2C2AD7C835}.Debug|x64.Build.0 = Debug|Any CPU
		{D5587338-291B-46EB-9D22-1D2C2AD7C835}.Debug|x86.ActiveCfg = Debug|Any CPU
		{D5587338-291B-46EB-9D22-1D2C2AD7C835}.Debug|x86.Build.0 = Debug|Any CPU
		{D5587338-291B-46EB-9D22-1D2C2AD7C835}.Release|Any CPU.ActiveCfg = Release|Any CPU
		{D5587338-291B-46EB-9D22-1D2C2AD7C835}.Release|Any CPU.Build.0 = Release|Any CPU
		{D5587338-291B-46EB-9D22-1D2C2AD7C835}.Release|x64.ActiveCfg = Release|Any CPU
		{D5587338-291B-46EB-9D22-1D2C2AD7C835}.Release|x64.Build.0 = Release|Any CPU
		{D5587338-291B-46EB-9D22-1D2C2AD7C835}.Release|x86.ActiveCfg = Release|Any CPU
		{D5587338-291B-46EB-9D22-1D2C2AD7C835}.Release|x86.Build.0 = Release|Any CPU
		{F755C664-434A-41E2-9262-0D7663883D49}.Debug|Any CPU.ActiveCfg = Debug|Any CPU
		{F755C664-434A-41E2-9262-0D7663883D49}.Debug|Any CPU.Build.0 = Debug|Any CPU
		{F755C664-434A-41E2-9262-0D7663883D49}.Debug|x64.ActiveCfg = Debug|Any CPU
		{F755C664-434A-41E2-9262-0D7663883D49}.Debug|x64.Build.0 = Debug|Any CPU
		{F755C664-434A-41E2-9262-0D7663883D49}.Debug|x86.ActiveCfg = Debug|Any CPU
		{F755C664-434A-41E2-9262-0D7663883D49}.Debug|x86.Build.0 = Debug|Any CPU
		{F755C664-434A-41E2-9262-0D7663883D49}.Release|Any CPU.ActiveCfg = Release|Any CPU
		{F755C664-434A-41E2-9262-0D7663883D49}.Release|Any CPU.Build.0 = Release|Any CPU
		{F755C664-434A-41E2-9262-0D7663883D49}.Release|x64.ActiveCfg = Release|Any CPU
		{F755C664-434A-41E2-9262-0D7663883D49}.Release|x64.Build.0 = Release|Any CPU
		{F755C664-434A-41E2-9262-0D7663883D49}.Release|x86.ActiveCfg = Release|Any CPU
		{F755C664-434A-41E2-9262-0D7663883D49}.Release|x86.Build.0 = Release|Any CPU
		{95B39128-C3E5-4DE9-A3CC-4DB210FB7885}.Debug|Any CPU.ActiveCfg = Debug|Any CPU
		{95B39128-C3E5-4DE9-A3CC-4DB210FB7885}.Debug|Any CPU.Build.0 = Debug|Any CPU
		{95B39128-C3E5-4DE9-A3CC-4DB210FB7885}.Debug|x64.ActiveCfg = Debug|Any CPU
		{95B39128-C3E5-4DE9-A3CC-4DB210FB7885}.Debug|x64.Build.0 = Debug|Any CPU
		{95B39128-C3E5-4DE9-A3CC-4DB210FB7885}.Debug|x86.ActiveCfg = Debug|Any CPU
		{95B39128-C3E5-4DE9-A3CC-4DB210FB7885}.Debug|x86.Build.0 = Debug|Any CPU
		{95B39128-C3E5-4DE9-A3CC-4DB210FB7885}.Release|Any CPU.ActiveCfg = Release|Any CPU
		{95B39128-C3E5-4DE9-A3CC-4DB210FB7885}.Release|Any CPU.Build.0 = Release|Any CPU
		{95B39128-C3E5-4DE9-A3CC-4DB210FB7885}.Release|x64.ActiveCfg = Release|Any CPU
		{95B39128-C3E5-4DE9-A3CC-4DB210FB7885}.Release|x64.Build.0 = Release|Any CPU
		{95B39128-C3E5-4DE9-A3CC-4DB210FB7885}.Release|x86.ActiveCfg = Release|Any CPU
		{95B39128-C3E5-4DE9-A3CC-4DB210FB7885}.Release|x86.Build.0 = Release|Any CPU
		{6472199D-64CF-4CC5-83A4-83C77872B7A8}.Debug|Any CPU.ActiveCfg = Debug|Any CPU
		{6472199D-64CF-4CC5-83A4-83C77872B7A8}.Debug|Any CPU.Build.0 = Debug|Any CPU
		{6472199D-64CF-4CC5-83A4-83C77872B7A8}.Debug|x64.ActiveCfg = Debug|Any CPU
		{6472199D-64CF-4CC5-83A4-83C77872B7A8}.Debug|x64.Build.0 = Debug|Any CPU
		{6472199D-64CF-4CC5-83A4-83C77872B7A8}.Debug|x86.ActiveCfg = Debug|Any CPU
		{6472199D-64CF-4CC5-83A4-83C77872B7A8}.Debug|x86.Build.0 = Debug|Any CPU
		{6472199D-64CF-4CC5-83A4-83C77872B7A8}.Release|Any CPU.ActiveCfg = Release|Any CPU
		{6472199D-64CF-4CC5-83A4-83C77872B7A8}.Release|Any CPU.Build.0 = Release|Any CPU
		{6472199D-64CF-4CC5-83A4-83C77872B7A8}.Release|x64.ActiveCfg = Release|Any CPU
		{6472199D-64CF-4CC5-83A4-83C77872B7A8}.Release|x64.Build.0 = Release|Any CPU
		{6472199D-64CF-4CC5-83A4-83C77872B7A8}.Release|x86.ActiveCfg = Release|Any CPU
		{6472199D-64CF-4CC5-83A4-83C77872B7A8}.Release|x86.Build.0 = Release|Any CPU
		{81D0A264-8A8F-4B2B-BD67-5DD90AF3EBBB}.Debug|Any CPU.ActiveCfg = Debug|Any CPU
		{81D0A264-8A8F-4B2B-BD67-5DD90AF3EBBB}.Debug|Any CPU.Build.0 = Debug|Any CPU
		{81D0A264-8A8F-4B2B-BD67-5DD90AF3EBBB}.Debug|x64.ActiveCfg = Debug|Any CPU
		{81D0A264-8A8F-4B2B-BD67-5DD90AF3EBBB}.Debug|x64.Build.0 = Debug|Any CPU
		{81D0A264-8A8F-4B2B-BD67-5DD90AF3EBBB}.Debug|x86.ActiveCfg = Debug|Any CPU
		{81D0A264-8A8F-4B2B-BD67-5DD90AF3EBBB}.Debug|x86.Build.0 = Debug|Any CPU
		{81D0A264-8A8F-4B2B-BD67-5DD90AF3EBBB}.Release|Any CPU.ActiveCfg = Release|Any CPU
		{81D0A264-8A8F-4B2B-BD67-5DD90AF3EBBB}.Release|Any CPU.Build.0 = Release|Any CPU
		{81D0A264-8A8F-4B2B-BD67-5DD90AF3EBBB}.Release|x64.ActiveCfg = Release|Any CPU
		{81D0A264-8A8F-4B2B-BD67-5DD90AF3EBBB}.Release|x64.Build.0 = Release|Any CPU
		{81D0A264-8A8F-4B2B-BD67-5DD90AF3EBBB}.Release|x86.ActiveCfg = Release|Any CPU
		{81D0A264-8A8F-4B2B-BD67-5DD90AF3EBBB}.Release|x86.Build.0 = Release|Any CPU
		{43889B22-17A6-4A24-91F1-921A5A58411F}.Debug|Any CPU.ActiveCfg = Debug|Any CPU
		{43889B22-17A6-4A24-91F1-921A5A58411F}.Debug|Any CPU.Build.0 = Debug|Any CPU
		{43889B22-17A6-4A24-91F1-921A5A58411F}.Debug|x64.ActiveCfg = Debug|Any CPU
		{43889B22-17A6-4A24-91F1-921A5A58411F}.Debug|x64.Build.0 = Debug|Any CPU
		{43889B22-17A6-4A24-91F1-921A5A58411F}.Debug|x86.ActiveCfg = Debug|Any CPU
		{43889B22-17A6-4A24-91F1-921A5A58411F}.Debug|x86.Build.0 = Debug|Any CPU
		{43889B22-17A6-4A24-91F1-921A5A58411F}.Release|Any CPU.ActiveCfg = Release|Any CPU
		{43889B22-17A6-4A24-91F1-921A5A58411F}.Release|Any CPU.Build.0 = Release|Any CPU
		{43889B22-17A6-4A24-91F1-921A5A58411F}.Release|x64.ActiveCfg = Release|Any CPU
		{43889B22-17A6-4A24-91F1-921A5A58411F}.Release|x64.Build.0 = Release|Any CPU
		{43889B22-17A6-4A24-91F1-921A5A58411F}.Release|x86.ActiveCfg = Release|Any CPU
		{43889B22-17A6-4A24-91F1-921A5A58411F}.Release|x86.Build.0 = Release|Any CPU
		{B788868D-4C00-413D-B663-7CEEBBD4CD3E}.Debug|Any CPU.ActiveCfg = Debug|Any CPU
		{B788868D-4C00-413D-B663-7CEEBBD4CD3E}.Debug|Any CPU.Build.0 = Debug|Any CPU
		{B788868D-4C00-413D-B663-7CEEBBD4CD3E}.Debug|x64.ActiveCfg = Debug|Any CPU
		{B788868D-4C00-413D-B663-7CEEBBD4CD3E}.Debug|x64.Build.0 = Debug|Any CPU
		{B788868D-4C00-413D-B663-7CEEBBD4CD3E}.Debug|x86.ActiveCfg = Debug|Any CPU
		{B788868D-4C00-413D-B663-7CEEBBD4CD3E}.Debug|x86.Build.0 = Debug|Any CPU
		{B788868D-4C00-413D-B663-7CEEBBD4CD3E}.Release|Any CPU.ActiveCfg = Release|Any CPU
		{B788868D-4C00-413D-B663-7CEEBBD4CD3E}.Release|Any CPU.Build.0 = Release|Any CPU
		{B788868D-4C00-413D-B663-7CEEBBD4CD3E}.Release|x64.ActiveCfg = Release|Any CPU
		{B788868D-4C00-413D-B663-7CEEBBD4CD3E}.Release|x64.Build.0 = Release|Any CPU
		{B788868D-4C00-413D-B663-7CEEBBD4CD3E}.Release|x86.ActiveCfg = Release|Any CPU
		{B788868D-4C00-413D-B663-7CEEBBD4CD3E}.Release|x86.Build.0 = Release|Any CPU
		{95137D9D-3B8C-4C5C-9CA4-ECBC561A3D9F}.Debug|Any CPU.ActiveCfg = Debug|Any CPU
		{95137D9D-3B8C-4C5C-9CA4-ECBC561A3D9F}.Debug|Any CPU.Build.0 = Debug|Any CPU
		{95137D9D-3B8C-4C5C-9CA4-ECBC561A3D9F}.Debug|x64.ActiveCfg = Debug|Any CPU
		{95137D9D-3B8C-4C5C-9CA4-ECBC561A3D9F}.Debug|x64.Build.0 = Debug|Any CPU
		{95137D9D-3B8C-4C5C-9CA4-ECBC561A3D9F}.Debug|x86.ActiveCfg = Debug|Any CPU
		{95137D9D-3B8C-4C5C-9CA4-ECBC561A3D9F}.Debug|x86.Build.0 = Debug|Any CPU
		{95137D9D-3B8C-4C5C-9CA4-ECBC561A3D9F}.Release|Any CPU.ActiveCfg = Release|Any CPU
		{95137D9D-3B8C-4C5C-9CA4-ECBC561A3D9F}.Release|Any CPU.Build.0 = Release|Any CPU
		{95137D9D-3B8C-4C5C-9CA4-ECBC561A3D9F}.Release|x64.ActiveCfg = Release|Any CPU
		{95137D9D-3B8C-4C5C-9CA4-ECBC561A3D9F}.Release|x64.Build.0 = Release|Any CPU
		{95137D9D-3B8C-4C5C-9CA4-ECBC561A3D9F}.Release|x86.ActiveCfg = Release|Any CPU
		{95137D9D-3B8C-4C5C-9CA4-ECBC561A3D9F}.Release|x86.Build.0 = Release|Any CPU
		{4AF5BA61-5D2C-4A4F-BB63-D991F1F040FB}.Debug|Any CPU.ActiveCfg = Debug|Any CPU
		{4AF5BA61-5D2C-4A4F-BB63-D991F1F040FB}.Debug|Any CPU.Build.0 = Debug|Any CPU
		{4AF5BA61-5D2C-4A4F-BB63-D991F1F040FB}.Debug|x64.ActiveCfg = Debug|Any CPU
		{4AF5BA61-5D2C-4A4F-BB63-D991F1F040FB}.Debug|x64.Build.0 = Debug|Any CPU
		{4AF5BA61-5D2C-4A4F-BB63-D991F1F040FB}.Debug|x86.ActiveCfg = Debug|Any CPU
		{4AF5BA61-5D2C-4A4F-BB63-D991F1F040FB}.Debug|x86.Build.0 = Debug|Any CPU
		{4AF5BA61-5D2C-4A4F-BB63-D991F1F040FB}.Release|Any CPU.ActiveCfg = Release|Any CPU
		{4AF5BA61-5D2C-4A4F-BB63-D991F1F040FB}.Release|Any CPU.Build.0 = Release|Any CPU
		{4AF5BA61-5D2C-4A4F-BB63-D991F1F040FB}.Release|x64.ActiveCfg = Release|Any CPU
		{4AF5BA61-5D2C-4A4F-BB63-D991F1F040FB}.Release|x64.Build.0 = Release|Any CPU
		{4AF5BA61-5D2C-4A4F-BB63-D991F1F040FB}.Release|x86.ActiveCfg = Release|Any CPU
		{4AF5BA61-5D2C-4A4F-BB63-D991F1F040FB}.Release|x86.Build.0 = Release|Any CPU
	EndGlobalSection
	GlobalSection(SolutionProperties) = preSolution
		HideSolutionNode = FALSE
	EndGlobalSection
	GlobalSection(NestedProjects) = preSolution
		{66FA392E-E20F-40B7-8F7D-8531D76B6766} = {35C8C3ED-498C-413A-81BE-0C823D40175F}
		{987C3CBD-A2DC-40AA-A356-14F83EC4A290} = {35C8C3ED-498C-413A-81BE-0C823D40175F}
		{EC867EB9-755A-4F5B-BD1B-9BD277987EFE} = {514029FF-5ADC-4C20-853C-916E8849D223}
		{B6FF5819-9D2E-4EAB-AA50-23862620D13F} = {514029FF-5ADC-4C20-853C-916E8849D223}
		{9E5C3759-F659-4076-8D6B-CD17169A27B3} = {514029FF-5ADC-4C20-853C-916E8849D223}
		{2B409A90-7545-44CD-8EFF-D3B42ACF388D} = {514029FF-5ADC-4C20-853C-916E8849D223}
		{F18E9D18-E184-4DE3-A506-3518AF4EEFB7} = {514029FF-5ADC-4C20-853C-916E8849D223}
		{D5587338-291B-46EB-9D22-1D2C2AD7C835} = {C2FF0057-C751-4302-B47B-61357183F3B6}
		{F755C664-434A-41E2-9262-0D7663883D49} = {C2FF0057-C751-4302-B47B-61357183F3B6}
		{95B39128-C3E5-4DE9-A3CC-4DB210FB7885} = {C2FF0057-C751-4302-B47B-61357183F3B6}
		{6472199D-64CF-4CC5-83A4-83C77872B7A8} = {C2FF0057-C751-4302-B47B-61357183F3B6}
		{81D0A264-8A8F-4B2B-BD67-5DD90AF3EBBB} = {C2FF0057-C751-4302-B47B-61357183F3B6}
		{43889B22-17A6-4A24-91F1-921A5A58411F} = {C2FF0057-C751-4302-B47B-61357183F3B6}
		{B788868D-4C00-413D-B663-7CEEBBD4CD3E} = {C2FF0057-C751-4302-B47B-61357183F3B6}
		{4AF5BA61-5D2C-4A4F-BB63-D991F1F040FB} = {C2FF0057-C751-4302-B47B-61357183F3B6}
	EndGlobalSection
	GlobalSection(ExtensibilityGlobals) = postSolution
		SolutionGuid = {C45DCAB1-DCF0-4784-834D-9CE1990A2F90}
	EndGlobalSection
EndGlobal
